// !$*UTF8*$!
{
	archiveVersion = 1;
	classes = {
	};
	objectVersion = 56;
	objects = {

/* Begin PBXBuildFile section */
		44B782C23438C609DCF526BF /* Pods_HappyPatient.framework in Frameworks */ = {isa = PBXBuildFile; fileRef = 4B835E3C8C9A91457A7A6FC1 /* Pods_HappyPatient.framework */; };
		B82F5FBE2CF9CAD50020EEC6 /* LoginViewController.swift in Sources */ = {isa = PBXBuildFile; fileRef = B82F5FBD2CF9CAD50020EEC6 /* LoginViewController.swift */; };
		B82F5FC02CF9CB310020EEC6 /* LoginViewModel.swift in Sources */ = {isa = PBXBuildFile; fileRef = B82F5FBF2CF9CB310020EEC6 /* LoginViewModel.swift */; };
		B82F5FC32CF9CB730020EEC6 /* NetworkManager.swift in Sources */ = {isa = PBXBuildFile; fileRef = B82F5FC22CF9CB730020EEC6 /* NetworkManager.swift */; };
		B82F5FC52CF9CB930020EEC6 /* LoginModel.swift in Sources */ = {isa = PBXBuildFile; fileRef = B82F5FC42CF9CB930020EEC6 /* LoginModel.swift */; };
		B82F5FC72CF9CBEF0020EEC6 /* SignupViewController.swift in Sources */ = {isa = PBXBuildFile; fileRef = B82F5FC62CF9CBEF0020EEC6 /* SignupViewController.swift */; };
		B82F5FC92CF9CC2F0020EEC6 /* EmailConfirmationViewController.swift in Sources */ = {isa = PBXBuildFile; fileRef = B82F5FC82CF9CC2F0020EEC6 /* EmailConfirmationViewController.swift */; };
		B82F5FCB2CF9CD0F0020EEC6 /* SignUpViewModel.swift in Sources */ = {isa = PBXBuildFile; fileRef = B82F5FCA2CF9CD0F0020EEC6 /* SignUpViewModel.swift */; };
		B82F5FCD2CF9D60D0020EEC6 /* SignUpModel.swift in Sources */ = {isa = PBXBuildFile; fileRef = B82F5FCC2CF9D60D0020EEC6 /* SignUpModel.swift */; };
		B8610F412D0077DD003C476D /* EducationCell.swift in Sources */ = {isa = PBXBuildFile; fileRef = B8610F402D0077DD003C476D /* EducationCell.swift */; };
		B8610F432D008073003C476D /* PriceCell.swift in Sources */ = {isa = PBXBuildFile; fileRef = B8610F422D008073003C476D /* PriceCell.swift */; };
		B8610F452D008094003C476D /* ExperienceCell.swift in Sources */ = {isa = PBXBuildFile; fileRef = B8610F442D008094003C476D /* ExperienceCell.swift */; };
		B861A9022CF8B1C1005FBABC /* AppDelegate.swift in Sources */ = {isa = PBXBuildFile; fileRef = B861A9012CF8B1C1005FBABC /* AppDelegate.swift */; };
		B861A9042CF8B1C1005FBABC /* SceneDelegate.swift in Sources */ = {isa = PBXBuildFile; fileRef = B861A9032CF8B1C1005FBABC /* SceneDelegate.swift */; };
		B861A9062CF8B1C1005FBABC /* DoctorViewController.swift in Sources */ = {isa = PBXBuildFile; fileRef = B861A9052CF8B1C1005FBABC /* DoctorViewController.swift */; };
		B861A9092CF8B1C1005FBABC /* Base in Resources */ = {isa = PBXBuildFile; fileRef = B861A9082CF8B1C1005FBABC /* Base */; };
		B861A90C2CF8B1C1005FBABC /* HappyPatient.xcdatamodeld in Sources */ = {isa = PBXBuildFile; fileRef = B861A90A2CF8B1C1005FBABC /* HappyPatient.xcdatamodeld */; };
		B861A90E2CF8B1C2005FBABC /* Assets.xcassets in Resources */ = {isa = PBXBuildFile; fileRef = B861A90D2CF8B1C2005FBABC /* Assets.xcassets */; };
		B861A9112CF8B1C2005FBABC /* Base in Resources */ = {isa = PBXBuildFile; fileRef = B861A9102CF8B1C2005FBABC /* Base */; };
		B88498D92CFDD997005B2BE2 /* AuthenticationManager.swift in Sources */ = {isa = PBXBuildFile; fileRef = B88498D82CFDD997005B2BE2 /* AuthenticationManager.swift */; };
		B88498DB2CFDDFAE005B2BE2 /* DoctorViewModel.swift in Sources */ = {isa = PBXBuildFile; fileRef = B88498DA2CFDDFAE005B2BE2 /* DoctorViewModel.swift */; };
		B88498DD2CFDDFBF005B2BE2 /* Doctor.swift in Sources */ = {isa = PBXBuildFile; fileRef = B88498DC2CFDDFBF005B2BE2 /* Doctor.swift */; };
/* End PBXBuildFile section */

/* Begin PBXFileReference section */
		4B835E3C8C9A91457A7A6FC1 /* Pods_HappyPatient.framework */ = {isa = PBXFileReference; explicitFileType = wrapper.framework; includeInIndex = 0; path = Pods_HappyPatient.framework; sourceTree = BUILT_PRODUCTS_DIR; };
		9252BB57620939076A833D09 /* Pods-HappyPatient.release.xcconfig */ = {isa = PBXFileReference; includeInIndex = 1; lastKnownFileType = text.xcconfig; name = "Pods-HappyPatient.release.xcconfig"; path = "Target Support Files/Pods-HappyPatient/Pods-HappyPatient.release.xcconfig"; sourceTree = "<group>"; };
		B82F5FBD2CF9CAD50020EEC6 /* LoginViewController.swift */ = {isa = PBXFileReference; lastKnownFileType = sourcecode.swift; path = LoginViewController.swift; sourceTree = "<group>"; };
		B82F5FBF2CF9CB310020EEC6 /* LoginViewModel.swift */ = {isa = PBXFileReference; lastKnownFileType = sourcecode.swift; path = LoginViewModel.swift; sourceTree = "<group>"; };
		B82F5FC22CF9CB730020EEC6 /* NetworkManager.swift */ = {isa = PBXFileReference; lastKnownFileType = sourcecode.swift; path = NetworkManager.swift; sourceTree = "<group>"; };
		B82F5FC42CF9CB930020EEC6 /* LoginModel.swift */ = {isa = PBXFileReference; lastKnownFileType = sourcecode.swift; path = LoginModel.swift; sourceTree = "<group>"; };
		B82F5FC62CF9CBEF0020EEC6 /* SignupViewController.swift */ = {isa = PBXFileReference; lastKnownFileType = sourcecode.swift; path = SignupViewController.swift; sourceTree = "<group>"; };
		B82F5FC82CF9CC2F0020EEC6 /* EmailConfirmationViewController.swift */ = {isa = PBXFileReference; lastKnownFileType = sourcecode.swift; path = EmailConfirmationViewController.swift; sourceTree = "<group>"; };
		B82F5FCA2CF9CD0F0020EEC6 /* SignUpViewModel.swift */ = {isa = PBXFileReference; lastKnownFileType = sourcecode.swift; path = SignUpViewModel.swift; sourceTree = "<group>"; };
		B82F5FCC2CF9D60D0020EEC6 /* SignUpModel.swift */ = {isa = PBXFileReference; lastKnownFileType = sourcecode.swift; path = SignUpModel.swift; sourceTree = "<group>"; };
		B8610F402D0077DD003C476D /* EducationCell.swift */ = {isa = PBXFileReference; lastKnownFileType = sourcecode.swift; path = EducationCell.swift; sourceTree = "<group>"; };
		B8610F422D008073003C476D /* PriceCell.swift */ = {isa = PBXFileReference; lastKnownFileType = sourcecode.swift; path = PriceCell.swift; sourceTree = "<group>"; };
		B8610F442D008094003C476D /* ExperienceCell.swift */ = {isa = PBXFileReference; lastKnownFileType = sourcecode.swift; path = ExperienceCell.swift; sourceTree = "<group>"; };
		B861A8FE2CF8B1C1005FBABC /* HappyPatient.app */ = {isa = PBXFileReference; explicitFileType = wrapper.application; includeInIndex = 0; path = HappyPatient.app; sourceTree = BUILT_PRODUCTS_DIR; };
		B861A9012CF8B1C1005FBABC /* AppDelegate.swift */ = {isa = PBXFileReference; lastKnownFileType = sourcecode.swift; path = AppDelegate.swift; sourceTree = "<group>"; };
		B861A9032CF8B1C1005FBABC /* SceneDelegate.swift */ = {isa = PBXFileReference; lastKnownFileType = sourcecode.swift; path = SceneDelegate.swift; sourceTree = "<group>"; };
		B861A9052CF8B1C1005FBABC /* DoctorViewController.swift */ = {isa = PBXFileReference; lastKnownFileType = sourcecode.swift; path = DoctorViewController.swift; sourceTree = "<group>"; };
		B861A9082CF8B1C1005FBABC /* Base */ = {isa = PBXFileReference; lastKnownFileType = file.storyboard; name = Base; path = Base.lproj/Main.storyboard; sourceTree = "<group>"; };
		B861A90B2CF8B1C1005FBABC /* HappyPatient.xcdatamodel */ = {isa = PBXFileReference; lastKnownFileType = wrapper.xcdatamodel; path = HappyPatient.xcdatamodel; sourceTree = "<group>"; };
		B861A90D2CF8B1C2005FBABC /* Assets.xcassets */ = {isa = PBXFileReference; lastKnownFileType = folder.assetcatalog; path = Assets.xcassets; sourceTree = "<group>"; };
		B861A9102CF8B1C2005FBABC /* Base */ = {isa = PBXFileReference; lastKnownFileType = file.storyboard; name = Base; path = Base.lproj/LaunchScreen.storyboard; sourceTree = "<group>"; };
		B861A9122CF8B1C2005FBABC /* Info.plist */ = {isa = PBXFileReference; lastKnownFileType = text.plist.xml; path = Info.plist; sourceTree = "<group>"; };
		B88498D82CFDD997005B2BE2 /* AuthenticationManager.swift */ = {isa = PBXFileReference; lastKnownFileType = sourcecode.swift; path = AuthenticationManager.swift; sourceTree = "<group>"; };
		B88498DA2CFDDFAE005B2BE2 /* DoctorViewModel.swift */ = {isa = PBXFileReference; lastKnownFileType = sourcecode.swift; path = DoctorViewModel.swift; sourceTree = "<group>"; };
		B88498DC2CFDDFBF005B2BE2 /* Doctor.swift */ = {isa = PBXFileReference; lastKnownFileType = sourcecode.swift; path = Doctor.swift; sourceTree = "<group>"; };
		E889244DCED25F00D8BD00EB /* Pods-HappyPatient.debug.xcconfig */ = {isa = PBXFileReference; includeInIndex = 1; lastKnownFileType = text.xcconfig; name = "Pods-HappyPatient.debug.xcconfig"; path = "Target Support Files/Pods-HappyPatient/Pods-HappyPatient.debug.xcconfig"; sourceTree = "<group>"; };
/* End PBXFileReference section */

/* Begin PBXFrameworksBuildPhase section */
		B861A8FB2CF8B1C1005FBABC /* Frameworks */ = {
			isa = PBXFrameworksBuildPhase;
			buildActionMask = 2147483647;
			files = (
				44B782C23438C609DCF526BF /* Pods_HappyPatient.framework in Frameworks */,
			);
			runOnlyForDeploymentPostprocessing = 0;
		};
/* End PBXFrameworksBuildPhase section */

/* Begin PBXGroup section */
		9DCE4285A259B6E5ACAC8B07 /* Pods */ = {
			isa = PBXGroup;
			children = (
				E889244DCED25F00D8BD00EB /* Pods-HappyPatient.debug.xcconfig */,
				9252BB57620939076A833D09 /* Pods-HappyPatient.release.xcconfig */,
			);
			path = Pods;
			sourceTree = "<group>";
		};
		B82F5FBB2CF9CA900020EEC6 /* View */ = {
			isa = PBXGroup;
			children = (
				B861A9052CF8B1C1005FBABC /* DoctorViewController.swift */,
				B82F5FBD2CF9CAD50020EEC6 /* LoginViewController.swift */,
				B82F5FC62CF9CBEF0020EEC6 /* SignupViewController.swift */,
				B82F5FC82CF9CC2F0020EEC6 /* EmailConfirmationViewController.swift */,
				B8610F402D0077DD003C476D /* EducationCell.swift */,
				B8610F422D008073003C476D /* PriceCell.swift */,
				B8610F442D008094003C476D /* ExperienceCell.swift */,
			);
			path = View;
			sourceTree = "<group>";
		};
		B82F5FBC2CF9CAA40020EEC6 /* Model */ = {
			isa = PBXGroup;
			children = (
				B82F5FC42CF9CB930020EEC6 /* LoginModel.swift */,
				B82F5FCC2CF9D60D0020EEC6 /* SignUpModel.swift */,
				B88498DC2CFDDFBF005B2BE2 /* Doctor.swift */,
			);
			path = Model;
			sourceTree = "<group>";
		};
		B82F5FC12CF9CB650020EEC6 /* Service */ = {
			isa = PBXGroup;
			children = (
				B82F5FC22CF9CB730020EEC6 /* NetworkManager.swift */,
				B88498D82CFDD997005B2BE2 /* AuthenticationManager.swift */,
			);
			path = Service;
			sourceTree = "<group>";
		};
		B861A8F52CF8B1C1005FBABC = {
			isa = PBXGroup;
			children = (
				B861A9002CF8B1C1005FBABC /* HappyPatient */,
				B861A8FF2CF8B1C1005FBABC /* Products */,
				9DCE4285A259B6E5ACAC8B07 /* Pods */,
				FA4373C7B16A6AF0FE4C0ECB /* Frameworks */,
			);
			sourceTree = "<group>";
		};
		B861A8FF2CF8B1C1005FBABC /* Products */ = {
			isa = PBXGroup;
			children = (
				B861A8FE2CF8B1C1005FBABC /* HappyPatient.app */,
			);
			name = Products;
			sourceTree = "<group>";
		};
		B861A9002CF8B1C1005FBABC /* HappyPatient */ = {
			isa = PBXGroup;
			children = (
				B82F5FC12CF9CB650020EEC6 /* Service */,
				B82F5FBC2CF9CAA40020EEC6 /* Model */,
				B82F5FBB2CF9CA900020EEC6 /* View */,
				B861A91A2CF8B9F7005FBABC /* ViewModel */,
				B861A9012CF8B1C1005FBABC /* AppDelegate.swift */,
				B861A9032CF8B1C1005FBABC /* SceneDelegate.swift */,
				B861A9072CF8B1C1005FBABC /* Main.storyboard */,
				B861A90D2CF8B1C2005FBABC /* Assets.xcassets */,
				B861A90F2CF8B1C2005FBABC /* LaunchScreen.storyboard */,
				B861A9122CF8B1C2005FBABC /* Info.plist */,
				B861A90A2CF8B1C1005FBABC /* HappyPatient.xcdatamodeld */,
			);
			path = HappyPatient;
			sourceTree = "<group>";
		};
		B861A91A2CF8B9F7005FBABC /* ViewModel */ = {
			isa = PBXGroup;
			children = (
				B82F5FBF2CF9CB310020EEC6 /* LoginViewModel.swift */,
				B82F5FCA2CF9CD0F0020EEC6 /* SignUpViewModel.swift */,
				B88498DA2CFDDFAE005B2BE2 /* DoctorViewModel.swift */,
			);
			path = ViewModel;
			sourceTree = "<group>";
		};
		FA4373C7B16A6AF0FE4C0ECB /* Frameworks */ = {
			isa = PBXGroup;
			children = (
				4B835E3C8C9A91457A7A6FC1 /* Pods_HappyPatient.framework */,
			);
			name = Frameworks;
			sourceTree = "<group>";
		};
/* End PBXGroup section */

/* Begin PBXNativeTarget section */
		B861A8FD2CF8B1C1005FBABC /* HappyPatient */ = {
			isa = PBXNativeTarget;
			buildConfigurationList = B861A9152CF8B1C2005FBABC /* Build configuration list for PBXNativeTarget "HappyPatient" */;
			buildPhases = (
				ECCAB2DD99E49DE48BA2A4EC /* [CP] Check Pods Manifest.lock */,
				B861A8FA2CF8B1C1005FBABC /* Sources */,
				B861A8FB2CF8B1C1005FBABC /* Frameworks */,
				B861A8FC2CF8B1C1005FBABC /* Resources */,
				F4C95D890C3BF6E770682F52 /* [CP] Embed Pods Frameworks */,
			);
			buildRules = (
			);
			dependencies = (
			);
			name = HappyPatient;
			productName = HappyPatient;
			productReference = B861A8FE2CF8B1C1005FBABC /* HappyPatient.app */;
			productType = "com.apple.product-type.application";
		};
/* End PBXNativeTarget section */

/* Begin PBXProject section */
		B861A8F62CF8B1C1005FBABC /* Project object */ = {
			isa = PBXProject;
			attributes = {
				BuildIndependentTargetsInParallel = 1;
				LastSwiftUpdateCheck = 1540;
				LastUpgradeCheck = 1540;
				TargetAttributes = {
					B861A8FD2CF8B1C1005FBABC = {
						CreatedOnToolsVersion = 15.4;
					};
				};
			};
			buildConfigurationList = B861A8F92CF8B1C1005FBABC /* Build configuration list for PBXProject "HappyPatient" */;
			compatibilityVersion = "Xcode 14.0";
			developmentRegion = en;
			hasScannedForEncodings = 0;
			knownRegions = (
				en,
				Base,
			);
			mainGroup = B861A8F52CF8B1C1005FBABC;
			productRefGroup = B861A8FF2CF8B1C1005FBABC /* Products */;
			projectDirPath = "";
			projectRoot = "";
			targets = (
				B861A8FD2CF8B1C1005FBABC /* HappyPatient */,
			);
		};
/* End PBXProject section */

/* Begin PBXResourcesBuildPhase section */
		B861A8FC2CF8B1C1005FBABC /* Resources */ = {
			isa = PBXResourcesBuildPhase;
			buildActionMask = 2147483647;
			files = (
				B861A90E2CF8B1C2005FBABC /* Assets.xcassets in Resources */,
				B861A9112CF8B1C2005FBABC /* Base in Resources */,
				B861A9092CF8B1C1005FBABC /* Base in Resources */,
			);
			runOnlyForDeploymentPostprocessing = 0;
		};
/* End PBXResourcesBuildPhase section */

/* Begin PBXShellScriptBuildPhase section */
		ECCAB2DD99E49DE48BA2A4EC /* [CP] Check Pods Manifest.lock */ = {
			isa = PBXShellScriptBuildPhase;
			buildActionMask = 2147483647;
			files = (
			);
			inputFileListPaths = (
			);
			inputPaths = (
				"${PODS_PODFILE_DIR_PATH}/Podfile.lock",
				"${PODS_ROOT}/Manifest.lock",
			);
			name = "[CP] Check Pods Manifest.lock";
			outputFileListPaths = (
			);
			outputPaths = (
				"$(DERIVED_FILE_DIR)/Pods-HappyPatient-checkManifestLockResult.txt",
			);
			runOnlyForDeploymentPostprocessing = 0;
			shellPath = /bin/sh;
			shellScript = "diff \"${PODS_PODFILE_DIR_PATH}/Podfile.lock\" \"${PODS_ROOT}/Manifest.lock\" > /dev/null\nif [ $? != 0 ] ; then\n    # print error to STDERR\n    echo \"error: The sandbox is not in sync with the Podfile.lock. Run 'pod install' or update your CocoaPods installation.\" >&2\n    exit 1\nfi\n# This output is used by Xcode 'outputs' to avoid re-running this script phase.\necho \"SUCCESS\" > \"${SCRIPT_OUTPUT_FILE_0}\"\n";
			showEnvVarsInLog = 0;
		};
		F4C95D890C3BF6E770682F52 /* [CP] Embed Pods Frameworks */ = {
			isa = PBXShellScriptBuildPhase;
			buildActionMask = 2147483647;
			files = (
			);
			inputFileListPaths = (
				"${PODS_ROOT}/Target Support Files/Pods-HappyPatient/Pods-HappyPatient-frameworks-${CONFIGURATION}-input-files.xcfilelist",
			);
			name = "[CP] Embed Pods Frameworks";
			outputFileListPaths = (
				"${PODS_ROOT}/Target Support Files/Pods-HappyPatient/Pods-HappyPatient-frameworks-${CONFIGURATION}-output-files.xcfilelist",
			);
			runOnlyForDeploymentPostprocessing = 0;
			shellPath = /bin/sh;
			shellScript = "\"${PODS_ROOT}/Target Support Files/Pods-HappyPatient/Pods-HappyPatient-frameworks.sh\"\n";
			showEnvVarsInLog = 0;
		};
/* End PBXShellScriptBuildPhase section */

/* Begin PBXSourcesBuildPhase section */
		B861A8FA2CF8B1C1005FBABC /* Sources */ = {
			isa = PBXSourcesBuildPhase;
			buildActionMask = 2147483647;
			files = (
				B82F5FC72CF9CBEF0020EEC6 /* SignupViewController.swift in Sources */,
				B82F5FBE2CF9CAD50020EEC6 /* LoginViewController.swift in Sources */,
				B861A90C2CF8B1C1005FBABC /* HappyPatient.xcdatamodeld in Sources */,
				B82F5FCD2CF9D60D0020EEC6 /* SignUpModel.swift in Sources */,
				B82F5FC02CF9CB310020EEC6 /* LoginViewModel.swift in Sources */,
				B8610F452D008094003C476D /* ExperienceCell.swift in Sources */,
				B88498DB2CFDDFAE005B2BE2 /* DoctorViewModel.swift in Sources */,
				B82F5FC32CF9CB730020EEC6 /* NetworkManager.swift in Sources */,
				B8610F432D008073003C476D /* PriceCell.swift in Sources */,
				B861A9062CF8B1C1005FBABC /* DoctorViewController.swift in Sources */,
				B88498D92CFDD997005B2BE2 /* AuthenticationManager.swift in Sources */,
				B82F5FC52CF9CB930020EEC6 /* LoginModel.swift in Sources */,
				B8610F412D0077DD003C476D /* EducationCell.swift in Sources */,
				B88498DD2CFDDFBF005B2BE2 /* Doctor.swift in Sources */,
				B861A9022CF8B1C1005FBABC /* AppDelegate.swift in Sources */,
				B82F5FC92CF9CC2F0020EEC6 /* EmailConfirmationViewController.swift in Sources */,
				B82F5FCB2CF9CD0F0020EEC6 /* SignUpViewModel.swift in Sources */,
				B861A9042CF8B1C1005FBABC /* SceneDelegate.swift in Sources */,
			);
			runOnlyForDeploymentPostprocessing = 0;
		};
/* End PBXSourcesBuildPhase section */

/* Begin PBXVariantGroup section */
		B861A9072CF8B1C1005FBABC /* Main.storyboard */ = {
			isa = PBXVariantGroup;
			children = (
				B861A9082CF8B1C1005FBABC /* Base */,
			);
			name = Main.storyboard;
			sourceTree = "<group>";
		};
		B861A90F2CF8B1C2005FBABC /* LaunchScreen.storyboard */ = {
			isa = PBXVariantGroup;
			children = (
				B861A9102CF8B1C2005FBABC /* Base */,
			);
			name = LaunchScreen.storyboard;
			sourceTree = "<group>";
		};
/* End PBXVariantGroup section */

/* Begin XCBuildConfiguration section */
		B861A9132CF8B1C2005FBABC /* Debug */ = {
			isa = XCBuildConfiguration;
			buildSettings = {
				ALWAYS_SEARCH_USER_PATHS = NO;
				ASSETCATALOG_COMPILER_GENERATE_SWIFT_ASSET_SYMBOL_EXTENSIONS = YES;
				CLANG_ANALYZER_NONNULL = YES;
				CLANG_ANALYZER_NUMBER_OBJECT_CONVERSION = YES_AGGRESSIVE;
				CLANG_CXX_LANGUAGE_STANDARD = "gnu++20";
				CLANG_ENABLE_MODULES = YES;
				CLANG_ENABLE_OBJC_ARC = YES;
				CLANG_ENABLE_OBJC_WEAK = YES;
				CLANG_WARN_BLOCK_CAPTURE_AUTORELEASING = YES;
				CLANG_WARN_BOOL_CONVERSION = YES;
				CLANG_WARN_COMMA = YES;
				CLANG_WARN_CONSTANT_CONVERSION = YES;
				CLANG_WARN_DEPRECATED_OBJC_IMPLEMENTATIONS = YES;
				CLANG_WARN_DIRECT_OBJC_ISA_USAGE = YES_ERROR;
				CLANG_WARN_DOCUMENTATION_COMMENTS = YES;
				CLANG_WARN_EMPTY_BODY = YES;
				CLANG_WARN_ENUM_CONVERSION = YES;
				CLANG_WARN_INFINITE_RECURSION = YES;
				CLANG_WARN_INT_CONVERSION = YES;
				CLANG_WARN_NON_LITERAL_NULL_CONVERSION = YES;
				CLANG_WARN_OBJC_IMPLICIT_RETAIN_SELF = YES;
				CLANG_WARN_OBJC_LITERAL_CONVERSION = YES;
				CLANG_WARN_OBJC_ROOT_CLASS = YES_ERROR;
				CLANG_WARN_QUOTED_INCLUDE_IN_FRAMEWORK_HEADER = YES;
				CLANG_WARN_RANGE_LOOP_ANALYSIS = YES;
				CLANG_WARN_STRICT_PROTOTYPES = YES;
				CLANG_WARN_SUSPICIOUS_MOVE = YES;
				CLANG_WARN_UNGUARDED_AVAILABILITY = YES_AGGRESSIVE;
				CLANG_WARN_UNREACHABLE_CODE = YES;
				CLANG_WARN__DUPLICATE_METHOD_MATCH = YES;
				COPY_PHASE_STRIP = NO;
				DEBUG_INFORMATION_FORMAT = dwarf;
				ENABLE_STRICT_OBJC_MSGSEND = YES;
				ENABLE_TESTABILITY = YES;
				ENABLE_USER_SCRIPT_SANDBOXING = NO;
				GCC_C_LANGUAGE_STANDARD = gnu17;
				GCC_DYNAMIC_NO_PIC = NO;
				GCC_NO_COMMON_BLOCKS = YES;
				GCC_OPTIMIZATION_LEVEL = 0;
				GCC_PREPROCESSOR_DEFINITIONS = (
					"DEBUG=1",
					"$(inherited)",
				);
				GCC_WARN_64_TO_32_BIT_CONVERSION = YES;
				GCC_WARN_ABOUT_RETURN_TYPE = YES_ERROR;
				GCC_WARN_UNDECLARED_SELECTOR = YES;
				GCC_WARN_UNINITIALIZED_AUTOS = YES_AGGRESSIVE;
				GCC_WARN_UNUSED_FUNCTION = YES;
				GCC_WARN_UNUSED_VARIABLE = YES;
				IPHONEOS_DEPLOYMENT_TARGET = 17.5;
				LOCALIZATION_PREFERS_STRING_CATALOGS = YES;
				MTL_ENABLE_DEBUG_INFO = INCLUDE_SOURCE;
				MTL_FAST_MATH = YES;
				ONLY_ACTIVE_ARCH = YES;
				SDKROOT = iphoneos;
				SWIFT_ACTIVE_COMPILATION_CONDITIONS = "DEBUG $(inherited)";
				SWIFT_OPTIMIZATION_LEVEL = "-Onone";
			};
			name = Debug;
		};
		B861A9142CF8B1C2005FBABC /* Release */ = {
			isa = XCBuildConfiguration;
			buildSettings = {
				ALWAYS_SEARCH_USER_PATHS = NO;
				ASSETCATALOG_COMPILER_GENERATE_SWIFT_ASSET_SYMBOL_EXTENSIONS = YES;
				CLANG_ANALYZER_NONNULL = YES;
				CLANG_ANALYZER_NUMBER_OBJECT_CONVERSION = YES_AGGRESSIVE;
				CLANG_CXX_LANGUAGE_STANDARD = "gnu++20";
				CLANG_ENABLE_MODULES = YES;
				CLANG_ENABLE_OBJC_ARC = YES;
				CLANG_ENABLE_OBJC_WEAK = YES;
				CLANG_WARN_BLOCK_CAPTURE_AUTORELEASING = YES;
				CLANG_WARN_BOOL_CONVERSION = YES;
				CLANG_WARN_COMMA = YES;
				CLANG_WARN_CONSTANT_CONVERSION = YES;
				CLANG_WARN_DEPRECATED_OBJC_IMPLEMENTATIONS = YES;
				CLANG_WARN_DIRECT_OBJC_ISA_USAGE = YES_ERROR;
				CLANG_WARN_DOCUMENTATION_COMMENTS = YES;
				CLANG_WARN_EMPTY_BODY = YES;
				CLANG_WARN_ENUM_CONVERSION = YES;
				CLANG_WARN_INFINITE_RECURSION = YES;
				CLANG_WARN_INT_CONVERSION = YES;
				CLANG_WARN_NON_LITERAL_NULL_CONVERSION = YES;
				CLANG_WARN_OBJC_IMPLICIT_RETAIN_SELF = YES;
				CLANG_WARN_OBJC_LITERAL_CONVERSION = YES;
				CLANG_WARN_OBJC_ROOT_CLASS = YES_ERROR;
				CLANG_WARN_QUOTED_INCLUDE_IN_FRAMEWORK_HEADER = YES;
				CLANG_WARN_RANGE_LOOP_ANALYSIS = YES;
				CLANG_WARN_STRICT_PROTOTYPES = YES;
				CLANG_WARN_SUSPICIOUS_MOVE = YES;
				CLANG_WARN_UNGUARDED_AVAILABILITY = YES_AGGRESSIVE;
				CLANG_WARN_UNREACHABLE_CODE = YES;
				CLANG_WARN__DUPLICATE_METHOD_MATCH = YES;
				COPY_PHASE_STRIP = NO;
				DEBUG_INFORMATION_FORMAT = "dwarf-with-dsym";
				ENABLE_NS_ASSERTIONS = NO;
				ENABLE_STRICT_OBJC_MSGSEND = YES;
				ENABLE_USER_SCRIPT_SANDBOXING = NO;
				GCC_C_LANGUAGE_STANDARD = gnu17;
				GCC_NO_COMMON_BLOCKS = YES;
				GCC_WARN_64_TO_32_BIT_CONVERSION = YES;
				GCC_WARN_ABOUT_RETURN_TYPE = YES_ERROR;
				GCC_WARN_UNDECLARED_SELECTOR = YES;
				GCC_WARN_UNINITIALIZED_AUTOS = YES_AGGRESSIVE;
				GCC_WARN_UNUSED_FUNCTION = YES;
				GCC_WARN_UNUSED_VARIABLE = YES;
				IPHONEOS_DEPLOYMENT_TARGET = 17.5;
				LOCALIZATION_PREFERS_STRING_CATALOGS = YES;
				MTL_ENABLE_DEBUG_INFO = NO;
				MTL_FAST_MATH = YES;
				SDKROOT = iphoneos;
				SWIFT_COMPILATION_MODE = wholemodule;
				VALIDATE_PRODUCT = YES;
			};
			name = Release;
		};
		B861A9162CF8B1C2005FBABC /* Debug */ = {
			isa = XCBuildConfiguration;
			baseConfigurationReference = E889244DCED25F00D8BD00EB /* Pods-HappyPatient.debug.xcconfig */;
			buildSettings = {
				ASSETCATALOG_COMPILER_APPICON_NAME = AppIcon;
				ASSETCATALOG_COMPILER_GLOBAL_ACCENT_COLOR_NAME = AccentColor;
				CODE_SIGN_STYLE = Automatic;
				CURRENT_PROJECT_VERSION = 1;
				DEVELOPMENT_TEAM = FH6ZF6KTY7;
				GENERATE_INFOPLIST_FILE = YES;
				INFOPLIST_FILE = HappyPatient/Info.plist;
				INFOPLIST_KEY_UIApplicationSupportsIndirectInputEvents = YES;
				INFOPLIST_KEY_UILaunchStoryboardName = LaunchScreen;
				INFOPLIST_KEY_UIMainStoryboardFile = Main;
				INFOPLIST_KEY_UISupportedInterfaceOrientations_iPad = "UIInterfaceOrientationPortrait UIInterfaceOrientationPortraitUpsideDown UIInterfaceOrientationLandscapeLeft UIInterfaceOrientationLandscapeRight";
				INFOPLIST_KEY_UISupportedInterfaceOrientations_iPhone = "UIInterfaceOrientationPortrait UIInterfaceOrientationLandscapeLeft UIInterfaceOrientationLandscapeRight";
				IPHONEOS_DEPLOYMENT_TARGET = 16.0;
				LD_RUNPATH_SEARCH_PATHS = (
					"$(inherited)",
					"@executable_path/Frameworks",
				);
				MARKETING_VERSION = 1.0;
				PRODUCT_BUNDLE_IDENTIFIER = io.Assel.HappyPatient;
				PRODUCT_NAME = "$(TARGET_NAME)";
				SWIFT_EMIT_LOC_STRINGS = YES;
				SWIFT_VERSION = 5.0;
				TARGETED_DEVICE_FAMILY = "1,2";
			};
			name = Debug;
		};
		B861A9172CF8B1C2005FBABC /* Release */ = {
			isa = XCBuildConfiguration;
			baseConfigurationReference = 9252BB57620939076A833D09 /* Pods-HappyPatient.release.xcconfig */;
			buildSettings = {
				ASSETCATALOG_COMPILER_APPICON_NAME = AppIcon;
				ASSETCATALOG_COMPILER_GLOBAL_ACCENT_COLOR_NAME = AccentColor;
				CODE_SIGN_STYLE = Automatic;
				CURRENT_PROJECT_VERSION = 1;
				DEVELOPMENT_TEAM = FH6ZF6KTY7;
				GENERATE_INFOPLIST_FILE = YES;
				INFOPLIST_FILE = HappyPatient/Info.plist;
				INFOPLIST_KEY_UIApplicationSupportsIndirectInputEvents = YES;
				INFOPLIST_KEY_UILaunchStoryboardName = LaunchScreen;
				INFOPLIST_KEY_UIMainStoryboardFile = Main;
				INFOPLIST_KEY_UISupportedInterfaceOrientations_iPad = "UIInterfaceOrientationPortrait UIInterfaceOrientationPortraitUpsideDown UIInterfaceOrientationLandscapeLeft UIInterfaceOrientationLandscapeRight";
				INFOPLIST_KEY_UISupportedInterfaceOrientations_iPhone = "UIInterfaceOrientationPortrait UIInterfaceOrientationLandscapeLeft UIInterfaceOrientationLandscapeRight";
				IPHONEOS_DEPLOYMENT_TARGET = 16.0;
				LD_RUNPATH_SEARCH_PATHS = (
					"$(inherited)",
					"@executable_path/Frameworks",
				);
				MARKETING_VERSION = 1.0;
				PRODUCT_BUNDLE_IDENTIFIER = io.Assel.HappyPatient;
				PRODUCT_NAME = "$(TARGET_NAME)";
				SWIFT_EMIT_LOC_STRINGS = YES;
				SWIFT_VERSION = 5.0;
				TARGETED_DEVICE_FAMILY = "1,2";
			};
			name = Release;
		};
/* End XCBuildConfiguration section */

/* Begin XCConfigurationList section */
		B861A8F92CF8B1C1005FBABC /* Build configuration list for PBXProject "HappyPatient" */ = {
			isa = XCConfigurationList;
			buildConfigurations = (
				B861A9132CF8B1C2005FBABC /* Debug */,
				B861A9142CF8B1C2005FBABC /* Release */,
			);
			defaultConfigurationIsVisible = 0;
			defaultConfigurationName = Release;
		};
		B861A9152CF8B1C2005FBABC /* Build configuration list for PBXNativeTarget "HappyPatient" */ = {
			isa = XCConfigurationList;
			buildConfigurations = (
				B861A9162CF8B1C2005FBABC /* Debug */,
				B861A9172CF8B1C2005FBABC /* Release */,
			);
			defaultConfigurationIsVisible = 0;
			defaultConfigurationName = Release;
		};
/* End XCConfigurationList section */

/* Begin XCVersionGroup section */
		B861A90A2CF8B1C1005FBABC /* HappyPatient.xcdatamodeld */ = {
			isa = XCVersionGroup;
			children = (
				B861A90B2CF8B1C1005FBABC /* HappyPatient.xcdatamodel */,
			);
			currentVersion = B861A90B2CF8B1C1005FBABC /* HappyPatient.xcdatamodel */;
			path = HappyPatient.xcdatamodeld;
			sourceTree = "<group>";
			versionGroupType = wrapper.xcdatamodel;
		};
/* End XCVersionGroup section */
	};
	rootObject = B861A8F62CF8B1C1005FBABC /* Project object */;
}
